
Microsoft Visual Studio Solution File, Format Version 12.00
# Visual Studio Version 17
VisualStudioVersion = 17.8.34511.84
MinimumVisualStudioVersion = 10.0.40219.1
Project("{9A19103F-16F7-4668-BE54-9A1E7A4F7556}") = "DotNet01_02_03", "DotNet01_02_03\DotNet01_02_03.csproj", "{91419571-B565-44B6-96E6-1520F9DB37F6}"
EndProject
Project("{9A19103F-16F7-4668-BE54-9A1E7A4F7556}") = "02_if_else", "20240130_4\02_if_else.csproj", "{1EA0BFDC-07FF-4468-A1B0-A51AB3B85E3D}"
EndProject
Project("{9A19103F-16F7-4668-BE54-9A1E7A4F7556}") = "03_BoolSalyga", "BoolSalyga\03_BoolSalyga.csproj", "{83BEF122-B063-4DBA-A30A-40004CA77AF2}"
EndProject
Project("{9A19103F-16F7-4668-BE54-9A1E7A4F7556}") = "04_else_if", "04_else_if\04_else_if.csproj", "{FE5C3001-4A63-42B0-A53E-4F028C2FCF7A}"
EndProject
Project("{9A19103F-16F7-4668-BE54-9A1E7A4F7556}") = "05_Switch_case", "Switch case\05_Switch_case.csproj", "{C5E766F0-3A28-4F0D-B1E1-D8E31EB0BF13}"
EndProject
Project("{9A19103F-16F7-4668-BE54-9A1E7A4F7556}") = "06_String_manipulation", "06_Char\06_String_manipulation.csproj", "{490CDBAB-818B-4838-BD0C-00193EF46DFC}"
EndProject
Project("{9A19103F-16F7-4668-BE54-9A1E7A4F7556}") = "07_while_doWhile", "07_while_doWhile\07_while_doWhile.csproj", "{3265B127-B0B5-4F19-92AB-66F0454310FE}"
EndProject
Project("{2150E333-8FDC-42A3-9474-1A3956D46DE8}") = "07_While", "07_While", "{F161E668-D611-4F38-A761-68C42F2055A9}"
EndProject
Project("{2150E333-8FDC-42A3-9474-1A3956D46DE8}") = "08_Methods", "08_Methods", "{6FA4228E-0AB9-486E-A019-ACD21DA69EDA}"
EndProject
Project("{2150E333-8FDC-42A3-9474-1A3956D46DE8}") = "02_Conditionals", "02_Conditionals", "{F991033F-5A10-4468-8C6E-79B72E652698}"
EndProject
Project("{2150E333-8FDC-42A3-9474-1A3956D46DE8}") = "03_Bool", "03_Bool", "{3397A759-0F42-459E-9094-5F4210D2E8D3}"
EndProject
Project("{2150E333-8FDC-42A3-9474-1A3956D46DE8}") = "04_Conditionals2", "04_Conditionals2", "{3879E3D2-A55A-49DA-9BB7-9B92E1FCD271}"
EndProject
Project("{2150E333-8FDC-42A3-9474-1A3956D46DE8}") = "05_Switch", "05_Switch", "{4ECA8F86-259F-45CC-B449-30287010D368}"
EndProject
Project("{2150E333-8FDC-42A3-9474-1A3956D46DE8}") = "06_Strings", "06_Strings", "{89716718-8408-40CA-A185-80987D5A06DF}"
EndProject
Project("{2150E333-8FDC-42A3-9474-1A3956D46DE8}") = "01_Lesson", "01_Lesson", "{3425A297-4222-481C-A158-63DFCF057F88}"
EndProject
Project("{9A19103F-16F7-4668-BE54-9A1E7A4F7556}") = "08_Methods", "08_Methods\08_Methods.csproj", "{29A925DD-11E5-433E-BA1B-71588BE6CF17}"
EndProject
Project("{2150E333-8FDC-42A3-9474-1A3956D46DE8}") = "09_Unit_tests_classwork", "09_Unit_tests_classwork", "{41E1637F-6D9F-4A87-B35A-FAFCCA52F8F2}"
EndProject
Project("{9A19103F-16F7-4668-BE54-9A1E7A4F7556}") = "08_paskaita", "08_paskaita\08_paskaita.csproj", "{CF8AB50E-A0DD-4B3D-BD04-F8BD3B0CE2E8}"
EndProject
Project("{9A19103F-16F7-4668-BE54-9A1E7A4F7556}") = "TestProject1", "TestProject1\TestProject1.csproj", "{CAB63958-3CD2-43FC-9A57-08FBFD6C984E}"
EndProject
Project("{2150E333-8FDC-42A3-9474-1A3956D46DE8}") = "10_ref_and_out", "10_ref_and_out", "{E816490B-6DF9-41E5-A59C-BD8AE528DCC7}"
EndProject
Project("{9A19103F-16F7-4668-BE54-9A1E7A4F7556}") = "10_ref_out", "10_ref_out\10_ref_out.csproj", "{818BFD73-E7DD-4CDF-8E57-00566BE77DA7}"
EndProject
Project("{2150E333-8FDC-42A3-9474-1A3956D46DE8}") = "11_for_loop", "11_for_loop", "{393D69AD-2FF3-4F72-BBDD-9A345BEE372C}"
EndProject
Project("{9A19103F-16F7-4668-BE54-9A1E7A4F7556}") = "11_for", "11_for\11_for.csproj", "{ACEC6000-48DE-4C4E-AE8E-83C7819B69A2}"
EndProject
Project("{2150E333-8FDC-42A3-9474-1A3956D46DE8}") = "12_debug_stringBuilder", "12_debug_stringBuilder", "{CD949DD2-87E4-4BB9-AEAA-5F5E2930B2EA}"
EndProject
Project("{9A19103F-16F7-4668-BE54-9A1E7A4F7556}") = "12_debug_str", "12_debug_str\12_debug_str.csproj", "{0791441F-5795-4C70-B1AF-44375EA92B22}"
EndProject
Project("{9A19103F-16F7-4668-BE54-9A1E7A4F7556}") = "TestRefAndOut", "TestRefAndOut\TestRefAndOut.csproj", "{5C4C1C94-636F-4A11-ADA0-A2D96CEFCF19}"
EndProject
Project("{2150E333-8FDC-42A3-9474-1A3956D46DE8}") = "13_arrays", "13_arrays", "{4AD5FAAD-51AD-4BDE-BA91-76AA2AE6FBE1}"
EndProject
Project("{9A19103F-16F7-4668-BE54-9A1E7A4F7556}") = "13_array_01", "13_array_01\13_array_01.csproj", "{0AA64586-A530-4BA5-8F78-902CD601E887}"
EndProject
Project("{2150E333-8FDC-42A3-9474-1A3956D46DE8}") = "14_foreach_Multi_arrays", "14_foreach_Multi_arrays", "{9ED31A22-22D9-422C-8D2A-9A3BDC1648A8}"
EndProject
Project("{9A19103F-16F7-4668-BE54-9A1E7A4F7556}") = "14_foreach_multidimentional_arrays", "14_foreach_multidimentional_arrays\14_foreach_multidimentional_arrays.csproj", "{AA7FFFF0-D3D4-467E-8B42-6638FFFF95E9}"
EndProject
Project("{9A19103F-16F7-4668-BE54-9A1E7A4F7556}") = "14_foreach_multidimentional_arraysTests", "14_foreach_multidimentional_arraysTests\14_foreach_multidimentional_arraysTests.csproj", "{CA177C57-E820-491E-A874-33EF5207EAB4}"
EndProject
Project("{2150E333-8FDC-42A3-9474-1A3956D46DE8}") = "15_multidimentional_arrays", "15_multidimentional_arrays", "{9D8CE07E-52D8-4F90-96E5-DE1E5AA7B79B}"
EndProject
Project("{9A19103F-16F7-4668-BE54-9A1E7A4F7556}") = "15_multi_arrays", "15_multi_arrays\15_multi_arrays.csproj", "{D4AB1185-F33A-4E6B-A12E-64016B8CFE31}"
EndProject
Project("{2150E333-8FDC-42A3-9474-1A3956D46DE8}") = "16_List", "16_List", "{F4E12ACC-FF15-4828-BC1E-55E913046ED9}"
EndProject
Project("{9A19103F-16F7-4668-BE54-9A1E7A4F7556}") = "16_Intro_Lists", "16_Intro_Lists\16_Intro_Lists.csproj", "{CF89E0B9-6D26-402E-8FD9-DF554380DAC3}"
EndProject
Project("{2150E333-8FDC-42A3-9474-1A3956D46DE8}") = "17_Random_Class", "17_Random_Class", "{CFD0BC63-CA67-46AF-AF45-BA10A75DBDC4}"
EndProject
Project("{9A19103F-16F7-4668-BE54-9A1E7A4F7556}") = "17_Random", "17_Random\17_Random.csproj", "{EA8928CE-EA5D-4E9F-85D0-697A063753E6}"
EndProject
Project("{2150E333-8FDC-42A3-9474-1A3956D46DE8}") = "18_Dictionary", "18_Dictionary", "{89E0D34F-436E-4146-8EAA-A7C546463203}"
EndProject
Project("{9A19103F-16F7-4668-BE54-9A1E7A4F7556}") = "18_Dictionary", "18_Dictionary\18_Dictionary.csproj", "{3D2E19EC-D0E1-4CF2-9ED8-D193F9E970DC}"
EndProject
Project("{9A19103F-16F7-4668-BE54-9A1E7A4F7556}") = "18_DictionaryTests", "18_DictionaryTests\18_DictionaryTests.csproj", "{192B7F84-2929-45FD-9093-EA163285677D}"
EndProject
Project("{2150E333-8FDC-42A3-9474-1A3956D46DE8}") = "1. Basics", "1. Basics", "{8255CC38-E611-4C99-AA6C-CDE36081B8FF}"
EndProject
Project("{2150E333-8FDC-42A3-9474-1A3956D46DE8}") = "2.1. Advanced", "2.1. Advanced", "{256D6199-9DFE-48B6-9444-1499FED396B0}"
EndProject
Project("{9A19103F-16F7-4668-BE54-9A1E7A4F7556}") = "Advanced1", "Advanced1\Advanced1.csproj", "{C8F31B79-16A8-4A08-9AB4-DDFE0974D9F9}"
EndProject
Project("{2150E333-8FDC-42A3-9474-1A3956D46DE8}") = "001_OOP", "001_OOP", "{1BD81BA2-CB30-407E-9869-633F8FF55C36}"
EndProject
Project("{9A19103F-16F7-4668-BE54-9A1E7A4F7556}") = "OOP_Task_04", "OOP_Task_04\OOP_Task_04.csproj", "{53DB185F-29C2-4C58-BA75-B662F2AA8D60}"
EndProject
Project("{2150E333-8FDC-42A3-9474-1A3956D46DE8}") = "002_Class_Methods", "002_Class_Methods", "{9BF978A2-24D2-40BC-BCCC-F29E729CFF95}"
EndProject
Project("{9A19103F-16F7-4668-BE54-9A1E7A4F7556}") = "ClassMethods", "ClassMethods\ClassMethods.csproj", "{4896F67C-82C4-47C4-94B0-E976EDBFB736}"
EndProject
Project("{2150E333-8FDC-42A3-9474-1A3956D46DE8}") = "Exercises", "Exercises", "{D473CD7E-55C9-42BA-AD9B-E2C2E5B7801E}"
EndProject
Project("{9A19103F-16F7-4668-BE54-9A1E7A4F7556}") = "ClassMethodsExercices", "ClassMethodsExercices\ClassMethodsExercices.csproj", "{D7838858-47E8-4A5B-8A83-415A9B96EDA3}"
EndProject
Project("{2150E333-8FDC-42A3-9474-1A3956D46DE8}") = "003_Inheritance and Virtual methods", "003_Inheritance and Virtual methods", "{A3C587DB-9B87-45D6-8CC8-C14E73D9E6E9}"
EndProject
Project("{9A19103F-16F7-4668-BE54-9A1E7A4F7556}") = "2_1_3_IheritanceVirtualMethods", "2_1_3_IheritanceVirtualMethods\2_1_3_IheritanceVirtualMethods.csproj", "{0317372A-B4E9-4A2D-8D12-B9E11209BFE4}"
EndProject
Project("{9A19103F-16F7-4668-BE54-9A1E7A4F7556}") = "3_2_Virtual_Methods", "3_2_Virtual_Methods\3_2_Virtual_Methods.csproj", "{6298540D-DB4D-4FB0-92B4-63B029230FDC}"
EndProject
Project("{2150E333-8FDC-42A3-9474-1A3956D46DE8}") = "004_Abstract_Classes", "004_Abstract_Classes", "{AC076E76-7296-4682-9D08-9F7FFE4CCC90}"
EndProject
Project("{2150E333-8FDC-42A3-9474-1A3956D46DE8}") = "TaskNo01", "TaskNo01", "{29CBE337-C1DA-4F92-9BE2-7A42CA1A38EF}"
EndProject
Project("{9A19103F-16F7-4668-BE54-9A1E7A4F7556}") = "4_1_Abstract_class_and_Methods", "4_1_Abstract_class_and_Methods\4_1_Abstract_class_and_Methods.csproj", "{70F76A58-6311-44AC-ADEF-443B572FE773}"
EndProject
Project("{2150E333-8FDC-42A3-9474-1A3956D46DE8}") = "TaskNo02", "TaskNo02", "{D3B5416C-EC49-41B9-81AF-58A0E349D318}"
EndProject
Project("{9A19103F-16F7-4668-BE54-9A1E7A4F7556}") = "4_2_Abstract_class_and_Methods", "4_2_Abstract_class_and_Methods\4_2_Abstract_class_and_Methods.csproj", "{9B9BBAAF-DF9D-4178-845F-8BBB3F5F801F}"
EndProject
Project("{2150E333-8FDC-42A3-9474-1A3956D46DE8}") = "AdditionalTask", "AdditionalTask", "{75A46C3E-B918-4554-88FB-F7429271A721}"
EndProject
Project("{9A19103F-16F7-4668-BE54-9A1E7A4F7556}") = "TaskNo03_Additional", "TaskNo03_Additional\TaskNo03_Additional.csproj", "{B4217E95-41FF-418A-9B4A-C0B2AF2C12C8}"
EndProject
Project("{2150E333-8FDC-42A3-9474-1A3956D46DE8}") = "005_Accessibility", "005_Accessibility", "{0626F051-56E5-4A41-87A0-FF7419E5EBB7}"
EndProject
Project("{9A19103F-16F7-4668-BE54-9A1E7A4F7556}") = "5_1_Accessibility_TaskNo01", "5_1_Accessibility_TaskNo01\5_1_Accessibility_TaskNo01.csproj", "{6088E872-3F85-493A-9EA7-D87A04E7EEC4}"
EndProject
Project("{2150E333-8FDC-42A3-9474-1A3956D46DE8}") = "HomeWork", "HomeWork", "{FF7A6E26-B764-4A57-A9E9-46499D7CE4E9}"
EndProject
Project("{9A19103F-16F7-4668-BE54-9A1E7A4F7556}") = "Accessibility_HomeWork", "Accessibility_HomeWork\Accessibility_HomeWork.csproj", "{67A2DFAE-4CC2-44BE-85DD-92FBD3208371}"
EndProject
Project("{2150E333-8FDC-42A3-9474-1A3956D46DE8}") = "006_Streams", "006_Streams", "{77F102AB-06E8-44A7-BC59-11E5FA3D53D3}"
EndProject
Project("{9A19103F-16F7-4668-BE54-9A1E7A4F7556}") = "6_1_Streams", "6_1_Streams\6_1_Streams.csproj", "{30B3F1E5-DAEA-4232-928B-0C121E97DA53}"
EndProject
Project("{2150E333-8FDC-42A3-9474-1A3956D46DE8}") = "6_1_Streams_Intro", "6_1_Streams_Intro", "{3BAF56CB-F83B-46D2-A179-0742AEE7F170}"
EndProject
Project("{2150E333-8FDC-42A3-9474-1A3956D46DE8}") = "007_Generics", "007_Generics", "{B3E09F79-DE31-497A-B470-B7562D14053E}"
EndProject
Project("{9A19103F-16F7-4668-BE54-9A1E7A4F7556}") = "7_1_Generic_Intro", "7_1_Generic_Intro\7_1_Generic_Intro.csproj", "{3C533689-19C1-4A46-8AE2-6AEE4030C844}"
EndProject
Project("{9A19103F-16F7-4668-BE54-9A1E7A4F7556}") = "7_2_Generic_Exercises", "7_2_Generic_Exercises\7_2_Generic_Exercises.csproj", "{A7377B7D-3BDD-43D1-90AE-29DD2DA24A32}"
EndProject
Project("{9A19103F-16F7-4668-BE54-9A1E7A4F7556}") = "7_3_Generics_and_propfull", "7_3_Generics_and_propfull\7_3_Generics_and_propfull.csproj", "{244FAE21-01B1-4D64-A6D1-70163F42DD73}"
EndProject
Project("{2150E333-8FDC-42A3-9474-1A3956D46DE8}") = "7_3_Generic_exercises", "7_3_Generic_exercises", "{6385EB1E-D13B-4DF2-A054-E72EF22A5349}"
EndProject
Project("{9A19103F-16F7-4668-BE54-9A1E7A4F7556}") = "7_3_1_Exercise", "7_3_1_Exercise\7_3_1_Exercise.csproj", "{60CB4A55-0B68-4529-AE47-3360530106B3}"
EndProject
Project("{9A19103F-16F7-4668-BE54-9A1E7A4F7556}") = "7_3_2_Exercise", "7_3_2_Exercise\7_3_2_Exercise.csproj", "{62942960-ACD7-43FD-A303-70BF7A12FC16}"
EndProject
Project("{2150E333-8FDC-42A3-9474-1A3956D46DE8}") = "008_Exception_handling", "008_Exception_handling", "{4E47D6C1-C159-46F6-8047-651D0ABEEB22}"
EndProject
Project("{9A19103F-16F7-4668-BE54-9A1E7A4F7556}") = "8_1_ExceptionHandlingIntro", "8_1_ExceptionHandlingIntro\8_1_ExceptionHandlingIntro.csproj", "{70F2D16B-B466-404E-A441-E36BEEC16D3B}"
EndProject
Project("{9A19103F-16F7-4668-BE54-9A1E7A4F7556}") = "8_2_ExceptionHandlingExercises", "8_2_ExceptionHandlingExercises\8_2_ExceptionHandlingExercises.csproj", "{48BB4877-87F9-4D0C-872D-3FC3481ADB29}"
EndProject
Project("{2150E333-8FDC-42A3-9474-1A3956D46DE8}") = "009_Extension_Methods", "009_Extension_Methods", "{1ABA39D1-D20F-49C6-97DF-85C755FBC1D8}"
EndProject
Project("{9A19103F-16F7-4668-BE54-9A1E7A4F7556}") = "9_1_Extention_Methods_Intro", "8_1_Extention_Methods_Intro\9_1_Extention_Methods_Intro.csproj", "{EAC99F6C-0F52-40E9-9B96-18771EFA5435}"
EndProject
Project("{2150E333-8FDC-42A3-9474-1A3956D46DE8}") = "010_delegates and anonymous functions", "010_delegates and anonymous functions", "{13258F4D-6941-443E-BD82-8B0C017F9FCF}"
EndProject
Project("{9A19103F-16F7-4668-BE54-9A1E7A4F7556}") = "10_delegates_intro", "10_delegates_intro\10_delegates_intro.csproj", "{63F5603F-521D-439D-BCB7-21BA13A42162}"
EndProject
Project("{9A19103F-16F7-4668-BE54-9A1E7A4F7556}") = "DelegateExercise01", "DelegateExercise01\DelegateExercise01.csproj", "{F44DA47D-B03D-4A9B-BD6D-08F7A63F9D5F}"
EndProject
Project("{2150E333-8FDC-42A3-9474-1A3956D46DE8}") = "10_1_Anonimous_functions", "10_1_Anonimous_functions", "{FFB93A61-71FF-43A7-BC71-B23CBA91700A}"
EndProject
Project("{9A19103F-16F7-4668-BE54-9A1E7A4F7556}") = "10_1_Anonymous_functions", "10_1_Anonymous_functions\10_1_Anonymous_functions.csproj", "{5605AF24-5AEE-4B97-9A5F-3C41ED394FFD}"
EndProject
Project("{2150E333-8FDC-42A3-9474-1A3956D46DE8}") = "011_Linq_and_Lambda", "011_Linq_and_Lambda", "{8DCE3FDA-313A-4212-BCF1-00354F05B028}"
EndProject
Project("{FAE04EC0-301F-11D3-BF4B-00C04F79EFBC}") = "011_linq_and_lambda_intro", "011_linq_and_lambda_intro\011_linq_and_lambda_intro.csproj", "{894CA999-82B3-4E40-9A8A-9B61546CDD22}"
EndProject
Project("{FAE04EC0-301F-11D3-BF4B-00C04F79EFBC}") = "011_Linq_and_Lambda_exercises", "011_Linq_and_Lambda_exercises\011_Linq_and_Lambda_exercises.csproj", "{A0119522-9A04-423D-BD75-3A8D101DE182}"
EndProject
Global
	GlobalSection(SolutionConfigurationPlatforms) = preSolution
		Debug|Any CPU = Debug|Any CPU
		Release|Any CPU = Release|Any CPU
	EndGlobalSection
	GlobalSection(ProjectConfigurationPlatforms) = postSolution
		{91419571-B565-44B6-96E6-1520F9DB37F6}.Debug|Any CPU.ActiveCfg = Debug|Any CPU
		{91419571-B565-44B6-96E6-1520F9DB37F6}.Debug|Any CPU.Build.0 = Debug|Any CPU
		{91419571-B565-44B6-96E6-1520F9DB37F6}.Release|Any CPU.ActiveCfg = Release|Any CPU
		{91419571-B565-44B6-96E6-1520F9DB37F6}.Release|Any CPU.Build.0 = Release|Any CPU
		{1EA0BFDC-07FF-4468-A1B0-A51AB3B85E3D}.Debug|Any CPU.ActiveCfg = Debug|Any CPU
		{1EA0BFDC-07FF-4468-A1B0-A51AB3B85E3D}.Debug|Any CPU.Build.0 = Debug|Any CPU
		{1EA0BFDC-07FF-4468-A1B0-A51AB3B85E3D}.Release|Any CPU.ActiveCfg = Release|Any CPU
		{1EA0BFDC-07FF-4468-A1B0-A51AB3B85E3D}.Release|Any CPU.Build.0 = Release|Any CPU
		{83BEF122-B063-4DBA-A30A-40004CA77AF2}.Debug|Any CPU.ActiveCfg = Debug|Any CPU
		{83BEF122-B063-4DBA-A30A-40004CA77AF2}.Debug|Any CPU.Build.0 = Debug|Any CPU
		{83BEF122-B063-4DBA-A30A-40004CA77AF2}.Release|Any CPU.ActiveCfg = Release|Any CPU
		{83BEF122-B063-4DBA-A30A-40004CA77AF2}.Release|Any CPU.Build.0 = Release|Any CPU
		{FE5C3001-4A63-42B0-A53E-4F028C2FCF7A}.Debug|Any CPU.ActiveCfg = Debug|Any CPU
		{FE5C3001-4A63-42B0-A53E-4F028C2FCF7A}.Debug|Any CPU.Build.0 = Debug|Any CPU
		{FE5C3001-4A63-42B0-A53E-4F028C2FCF7A}.Release|Any CPU.ActiveCfg = Release|Any CPU
		{FE5C3001-4A63-42B0-A53E-4F028C2FCF7A}.Release|Any CPU.Build.0 = Release|Any CPU
		{C5E766F0-3A28-4F0D-B1E1-D8E31EB0BF13}.Debug|Any CPU.ActiveCfg = Debug|Any CPU
		{C5E766F0-3A28-4F0D-B1E1-D8E31EB0BF13}.Debug|Any CPU.Build.0 = Debug|Any CPU
		{C5E766F0-3A28-4F0D-B1E1-D8E31EB0BF13}.Release|Any CPU.ActiveCfg = Release|Any CPU
		{C5E766F0-3A28-4F0D-B1E1-D8E31EB0BF13}.Release|Any CPU.Build.0 = Release|Any CPU
		{490CDBAB-818B-4838-BD0C-00193EF46DFC}.Debug|Any CPU.ActiveCfg = Debug|Any CPU
		{490CDBAB-818B-4838-BD0C-00193EF46DFC}.Debug|Any CPU.Build.0 = Debug|Any CPU
		{490CDBAB-818B-4838-BD0C-00193EF46DFC}.Release|Any CPU.ActiveCfg = Release|Any CPU
		{490CDBAB-818B-4838-BD0C-00193EF46DFC}.Release|Any CPU.Build.0 = Release|Any CPU
		{3265B127-B0B5-4F19-92AB-66F0454310FE}.Debug|Any CPU.ActiveCfg = Debug|Any CPU
		{3265B127-B0B5-4F19-92AB-66F0454310FE}.Debug|Any CPU.Build.0 = Debug|Any CPU
		{3265B127-B0B5-4F19-92AB-66F0454310FE}.Release|Any CPU.ActiveCfg = Release|Any CPU
		{3265B127-B0B5-4F19-92AB-66F0454310FE}.Release|Any CPU.Build.0 = Release|Any CPU
		{29A925DD-11E5-433E-BA1B-71588BE6CF17}.Debug|Any CPU.ActiveCfg = Debug|Any CPU
		{29A925DD-11E5-433E-BA1B-71588BE6CF17}.Debug|Any CPU.Build.0 = Debug|Any CPU
		{29A925DD-11E5-433E-BA1B-71588BE6CF17}.Release|Any CPU.ActiveCfg = Release|Any CPU
		{29A925DD-11E5-433E-BA1B-71588BE6CF17}.Release|Any CPU.Build.0 = Release|Any CPU
		{CF8AB50E-A0DD-4B3D-BD04-F8BD3B0CE2E8}.Debug|Any CPU.ActiveCfg = Debug|Any CPU
		{CF8AB50E-A0DD-4B3D-BD04-F8BD3B0CE2E8}.Debug|Any CPU.Build.0 = Debug|Any CPU
		{CF8AB50E-A0DD-4B3D-BD04-F8BD3B0CE2E8}.Release|Any CPU.ActiveCfg = Release|Any CPU
		{CF8AB50E-A0DD-4B3D-BD04-F8BD3B0CE2E8}.Release|Any CPU.Build.0 = Release|Any CPU
		{CAB63958-3CD2-43FC-9A57-08FBFD6C984E}.Debug|Any CPU.ActiveCfg = Debug|Any CPU
		{CAB63958-3CD2-43FC-9A57-08FBFD6C984E}.Debug|Any CPU.Build.0 = Debug|Any CPU
		{CAB63958-3CD2-43FC-9A57-08FBFD6C984E}.Release|Any CPU.ActiveCfg = Release|Any CPU
		{CAB63958-3CD2-43FC-9A57-08FBFD6C984E}.Release|Any CPU.Build.0 = Release|Any CPU
		{818BFD73-E7DD-4CDF-8E57-00566BE77DA7}.Debug|Any CPU.ActiveCfg = Debug|Any CPU
		{818BFD73-E7DD-4CDF-8E57-00566BE77DA7}.Debug|Any CPU.Build.0 = Debug|Any CPU
		{818BFD73-E7DD-4CDF-8E57-00566BE77DA7}.Release|Any CPU.ActiveCfg = Release|Any CPU
		{818BFD73-E7DD-4CDF-8E57-00566BE77DA7}.Release|Any CPU.Build.0 = Release|Any CPU
		{ACEC6000-48DE-4C4E-AE8E-83C7819B69A2}.Debug|Any CPU.ActiveCfg = Debug|Any CPU
		{ACEC6000-48DE-4C4E-AE8E-83C7819B69A2}.Debug|Any CPU.Build.0 = Debug|Any CPU
		{ACEC6000-48DE-4C4E-AE8E-83C7819B69A2}.Release|Any CPU.ActiveCfg = Release|Any CPU
		{ACEC6000-48DE-4C4E-AE8E-83C7819B69A2}.Release|Any CPU.Build.0 = Release|Any CPU
		{0791441F-5795-4C70-B1AF-44375EA92B22}.Debug|Any CPU.ActiveCfg = Debug|Any CPU
		{0791441F-5795-4C70-B1AF-44375EA92B22}.Debug|Any CPU.Build.0 = Debug|Any CPU
		{0791441F-5795-4C70-B1AF-44375EA92B22}.Release|Any CPU.ActiveCfg = Release|Any CPU
		{0791441F-5795-4C70-B1AF-44375EA92B22}.Release|Any CPU.Build.0 = Release|Any CPU
		{5C4C1C94-636F-4A11-ADA0-A2D96CEFCF19}.Debug|Any CPU.ActiveCfg = Debug|Any CPU
		{5C4C1C94-636F-4A11-ADA0-A2D96CEFCF19}.Debug|Any CPU.Build.0 = Debug|Any CPU
		{5C4C1C94-636F-4A11-ADA0-A2D96CEFCF19}.Release|Any CPU.ActiveCfg = Release|Any CPU
		{5C4C1C94-636F-4A11-ADA0-A2D96CEFCF19}.Release|Any CPU.Build.0 = Release|Any CPU
		{0AA64586-A530-4BA5-8F78-902CD601E887}.Debug|Any CPU.ActiveCfg = Debug|Any CPU
		{0AA64586-A530-4BA5-8F78-902CD601E887}.Debug|Any CPU.Build.0 = Debug|Any CPU
		{0AA64586-A530-4BA5-8F78-902CD601E887}.Release|Any CPU.ActiveCfg = Release|Any CPU
		{0AA64586-A530-4BA5-8F78-902CD601E887}.Release|Any CPU.Build.0 = Release|Any CPU
		{AA7FFFF0-D3D4-467E-8B42-6638FFFF95E9}.Debug|Any CPU.ActiveCfg = Debug|Any CPU
		{AA7FFFF0-D3D4-467E-8B42-6638FFFF95E9}.Debug|Any CPU.Build.0 = Debug|Any CPU
		{AA7FFFF0-D3D4-467E-8B42-6638FFFF95E9}.Release|Any CPU.ActiveCfg = Release|Any CPU
		{AA7FFFF0-D3D4-467E-8B42-6638FFFF95E9}.Release|Any CPU.Build.0 = Release|Any CPU
		{CA177C57-E820-491E-A874-33EF5207EAB4}.Debug|Any CPU.ActiveCfg = Debug|Any CPU
		{CA177C57-E820-491E-A874-33EF5207EAB4}.Debug|Any CPU.Build.0 = Debug|Any CPU
		{CA177C57-E820-491E-A874-33EF5207EAB4}.Release|Any CPU.ActiveCfg = Release|Any CPU
		{CA177C57-E820-491E-A874-33EF5207EAB4}.Release|Any CPU.Build.0 = Release|Any CPU
		{D4AB1185-F33A-4E6B-A12E-64016B8CFE31}.Debug|Any CPU.ActiveCfg = Debug|Any CPU
		{D4AB1185-F33A-4E6B-A12E-64016B8CFE31}.Debug|Any CPU.Build.0 = Debug|Any CPU
		{D4AB1185-F33A-4E6B-A12E-64016B8CFE31}.Release|Any CPU.ActiveCfg = Release|Any CPU
		{D4AB1185-F33A-4E6B-A12E-64016B8CFE31}.Release|Any CPU.Build.0 = Release|Any CPU
		{CF89E0B9-6D26-402E-8FD9-DF554380DAC3}.Debug|Any CPU.ActiveCfg = Debug|Any CPU
		{CF89E0B9-6D26-402E-8FD9-DF554380DAC3}.Debug|Any CPU.Build.0 = Debug|Any CPU
		{CF89E0B9-6D26-402E-8FD9-DF554380DAC3}.Release|Any CPU.ActiveCfg = Release|Any CPU
		{CF89E0B9-6D26-402E-8FD9-DF554380DAC3}.Release|Any CPU.Build.0 = Release|Any CPU
		{EA8928CE-EA5D-4E9F-85D0-697A063753E6}.Debug|Any CPU.ActiveCfg = Debug|Any CPU
		{EA8928CE-EA5D-4E9F-85D0-697A063753E6}.Debug|Any CPU.Build.0 = Debug|Any CPU
		{EA8928CE-EA5D-4E9F-85D0-697A063753E6}.Release|Any CPU.ActiveCfg = Release|Any CPU
		{EA8928CE-EA5D-4E9F-85D0-697A063753E6}.Release|Any CPU.Build.0 = Release|Any CPU
		{3D2E19EC-D0E1-4CF2-9ED8-D193F9E970DC}.Debug|Any CPU.ActiveCfg = Debug|Any CPU
		{3D2E19EC-D0E1-4CF2-9ED8-D193F9E970DC}.Debug|Any CPU.Build.0 = Debug|Any CPU
		{3D2E19EC-D0E1-4CF2-9ED8-D193F9E970DC}.Release|Any CPU.ActiveCfg = Release|Any CPU
		{3D2E19EC-D0E1-4CF2-9ED8-D193F9E970DC}.Release|Any CPU.Build.0 = Release|Any CPU
		{192B7F84-2929-45FD-9093-EA163285677D}.Debug|Any CPU.ActiveCfg = Debug|Any CPU
		{192B7F84-2929-45FD-9093-EA163285677D}.Debug|Any CPU.Build.0 = Debug|Any CPU
		{192B7F84-2929-45FD-9093-EA163285677D}.Release|Any CPU.ActiveCfg = Release|Any CPU
		{192B7F84-2929-45FD-9093-EA163285677D}.Release|Any CPU.Build.0 = Release|Any CPU
		{C8F31B79-16A8-4A08-9AB4-DDFE0974D9F9}.Debug|Any CPU.ActiveCfg = Debug|Any CPU
		{C8F31B79-16A8-4A08-9AB4-DDFE0974D9F9}.Debug|Any CPU.Build.0 = Debug|Any CPU
		{C8F31B79-16A8-4A08-9AB4-DDFE0974D9F9}.Release|Any CPU.ActiveCfg = Release|Any CPU
		{C8F31B79-16A8-4A08-9AB4-DDFE0974D9F9}.Release|Any CPU.Build.0 = Release|Any CPU
		{53DB185F-29C2-4C58-BA75-B662F2AA8D60}.Debug|Any CPU.ActiveCfg = Debug|Any CPU
		{53DB185F-29C2-4C58-BA75-B662F2AA8D60}.Debug|Any CPU.Build.0 = Debug|Any CPU
		{53DB185F-29C2-4C58-BA75-B662F2AA8D60}.Release|Any CPU.ActiveCfg = Release|Any CPU
		{53DB185F-29C2-4C58-BA75-B662F2AA8D60}.Release|Any CPU.Build.0 = Release|Any CPU
		{4896F67C-82C4-47C4-94B0-E976EDBFB736}.Debug|Any CPU.ActiveCfg = Debug|Any CPU
		{4896F67C-82C4-47C4-94B0-E976EDBFB736}.Debug|Any CPU.Build.0 = Debug|Any CPU
		{4896F67C-82C4-47C4-94B0-E976EDBFB736}.Release|Any CPU.ActiveCfg = Release|Any CPU
		{4896F67C-82C4-47C4-94B0-E976EDBFB736}.Release|Any CPU.Build.0 = Release|Any CPU
		{D7838858-47E8-4A5B-8A83-415A9B96EDA3}.Debug|Any CPU.ActiveCfg = Debug|Any CPU
		{D7838858-47E8-4A5B-8A83-415A9B96EDA3}.Debug|Any CPU.Build.0 = Debug|Any CPU
		{D7838858-47E8-4A5B-8A83-415A9B96EDA3}.Release|Any CPU.ActiveCfg = Release|Any CPU
		{D7838858-47E8-4A5B-8A83-415A9B96EDA3}.Release|Any CPU.Build.0 = Release|Any CPU
		{0317372A-B4E9-4A2D-8D12-B9E11209BFE4}.Debug|Any CPU.ActiveCfg = Debug|Any CPU
		{0317372A-B4E9-4A2D-8D12-B9E11209BFE4}.Debug|Any CPU.Build.0 = Debug|Any CPU
		{0317372A-B4E9-4A2D-8D12-B9E11209BFE4}.Release|Any CPU.ActiveCfg = Release|Any CPU
		{0317372A-B4E9-4A2D-8D12-B9E11209BFE4}.Release|Any CPU.Build.0 = Release|Any CPU
		{6298540D-DB4D-4FB0-92B4-63B029230FDC}.Debug|Any CPU.ActiveCfg = Debug|Any CPU
		{6298540D-DB4D-4FB0-92B4-63B029230FDC}.Debug|Any CPU.Build.0 = Debug|Any CPU
		{6298540D-DB4D-4FB0-92B4-63B029230FDC}.Release|Any CPU.ActiveCfg = Release|Any CPU
		{6298540D-DB4D-4FB0-92B4-63B029230FDC}.Release|Any CPU.Build.0 = Release|Any CPU
		{70F76A58-6311-44AC-ADEF-443B572FE773}.Debug|Any CPU.ActiveCfg = Debug|Any CPU
		{70F76A58-6311-44AC-ADEF-443B572FE773}.Debug|Any CPU.Build.0 = Debug|Any CPU
		{70F76A58-6311-44AC-ADEF-443B572FE773}.Release|Any CPU.ActiveCfg = Release|Any CPU
		{70F76A58-6311-44AC-ADEF-443B572FE773}.Release|Any CPU.Build.0 = Release|Any CPU
		{9B9BBAAF-DF9D-4178-845F-8BBB3F5F801F}.Debug|Any CPU.ActiveCfg = Debug|Any CPU
		{9B9BBAAF-DF9D-4178-845F-8BBB3F5F801F}.Debug|Any CPU.Build.0 = Debug|Any CPU
		{9B9BBAAF-DF9D-4178-845F-8BBB3F5F801F}.Release|Any CPU.ActiveCfg = Release|Any CPU
		{9B9BBAAF-DF9D-4178-845F-8BBB3F5F801F}.Release|Any CPU.Build.0 = Release|Any CPU
		{B4217E95-41FF-418A-9B4A-C0B2AF2C12C8}.Debug|Any CPU.ActiveCfg = Debug|Any CPU
		{B4217E95-41FF-418A-9B4A-C0B2AF2C12C8}.Debug|Any CPU.Build.0 = Debug|Any CPU
		{B4217E95-41FF-418A-9B4A-C0B2AF2C12C8}.Release|Any CPU.ActiveCfg = Release|Any CPU
		{B4217E95-41FF-418A-9B4A-C0B2AF2C12C8}.Release|Any CPU.Build.0 = Release|Any CPU
		{6088E872-3F85-493A-9EA7-D87A04E7EEC4}.Debug|Any CPU.ActiveCfg = Debug|Any CPU
		{6088E872-3F85-493A-9EA7-D87A04E7EEC4}.Debug|Any CPU.Build.0 = Debug|Any CPU
		{6088E872-3F85-493A-9EA7-D87A04E7EEC4}.Release|Any CPU.ActiveCfg = Release|Any CPU
		{6088E872-3F85-493A-9EA7-D87A04E7EEC4}.Release|Any CPU.Build.0 = Release|Any CPU
		{67A2DFAE-4CC2-44BE-85DD-92FBD3208371}.Debug|Any CPU.ActiveCfg = Debug|Any CPU
		{67A2DFAE-4CC2-44BE-85DD-92FBD3208371}.Debug|Any CPU.Build.0 = Debug|Any CPU
		{67A2DFAE-4CC2-44BE-85DD-92FBD3208371}.Release|Any CPU.ActiveCfg = Release|Any CPU
		{67A2DFAE-4CC2-44BE-85DD-92FBD3208371}.Release|Any CPU.Build.0 = Release|Any CPU
		{30B3F1E5-DAEA-4232-928B-0C121E97DA53}.Debug|Any CPU.ActiveCfg = Debug|Any CPU
		{30B3F1E5-DAEA-4232-928B-0C121E97DA53}.Debug|Any CPU.Build.0 = Debug|Any CPU
		{30B3F1E5-DAEA-4232-928B-0C121E97DA53}.Release|Any CPU.ActiveCfg = Release|Any CPU
		{30B3F1E5-DAEA-4232-928B-0C121E97DA53}.Release|Any CPU.Build.0 = Release|Any CPU
		{3C533689-19C1-4A46-8AE2-6AEE4030C844}.Debug|Any CPU.ActiveCfg = Debug|Any CPU
		{3C533689-19C1-4A46-8AE2-6AEE4030C844}.Debug|Any CPU.Build.0 = Debug|Any CPU
		{3C533689-19C1-4A46-8AE2-6AEE4030C844}.Release|Any CPU.ActiveCfg = Release|Any CPU
		{3C533689-19C1-4A46-8AE2-6AEE4030C844}.Release|Any CPU.Build.0 = Release|Any CPU
		{A7377B7D-3BDD-43D1-90AE-29DD2DA24A32}.Debug|Any CPU.ActiveCfg = Debug|Any CPU
		{A7377B7D-3BDD-43D1-90AE-29DD2DA24A32}.Debug|Any CPU.Build.0 = Debug|Any CPU
		{A7377B7D-3BDD-43D1-90AE-29DD2DA24A32}.Release|Any CPU.ActiveCfg = Release|Any CPU
		{A7377B7D-3BDD-43D1-90AE-29DD2DA24A32}.Release|Any CPU.Build.0 = Release|Any CPU
		{244FAE21-01B1-4D64-A6D1-70163F42DD73}.Debug|Any CPU.ActiveCfg = Debug|Any CPU
		{244FAE21-01B1-4D64-A6D1-70163F42DD73}.Debug|Any CPU.Build.0 = Debug|Any CPU
		{244FAE21-01B1-4D64-A6D1-70163F42DD73}.Release|Any CPU.ActiveCfg = Release|Any CPU
		{244FAE21-01B1-4D64-A6D1-70163F42DD73}.Release|Any CPU.Build.0 = Release|Any CPU
		{60CB4A55-0B68-4529-AE47-3360530106B3}.Debug|Any CPU.ActiveCfg = Debug|Any CPU
		{60CB4A55-0B68-4529-AE47-3360530106B3}.Debug|Any CPU.Build.0 = Debug|Any CPU
		{60CB4A55-0B68-4529-AE47-3360530106B3}.Release|Any CPU.ActiveCfg = Release|Any CPU
		{60CB4A55-0B68-4529-AE47-3360530106B3}.Release|Any CPU.Build.0 = Release|Any CPU
		{62942960-ACD7-43FD-A303-70BF7A12FC16}.Debug|Any CPU.ActiveCfg = Debug|Any CPU
		{62942960-ACD7-43FD-A303-70BF7A12FC16}.Debug|Any CPU.Build.0 = Debug|Any CPU
		{62942960-ACD7-43FD-A303-70BF7A12FC16}.Release|Any CPU.ActiveCfg = Release|Any CPU
		{62942960-ACD7-43FD-A303-70BF7A12FC16}.Release|Any CPU.Build.0 = Release|Any CPU
		{70F2D16B-B466-404E-A441-E36BEEC16D3B}.Debug|Any CPU.ActiveCfg = Debug|Any CPU
		{70F2D16B-B466-404E-A441-E36BEEC16D3B}.Debug|Any CPU.Build.0 = Debug|Any CPU
		{70F2D16B-B466-404E-A441-E36BEEC16D3B}.Release|Any CPU.ActiveCfg = Release|Any CPU
		{70F2D16B-B466-404E-A441-E36BEEC16D3B}.Release|Any CPU.Build.0 = Release|Any CPU
		{48BB4877-87F9-4D0C-872D-3FC3481ADB29}.Debug|Any CPU.ActiveCfg = Debug|Any CPU
		{48BB4877-87F9-4D0C-872D-3FC3481ADB29}.Debug|Any CPU.Build.0 = Debug|Any CPU
		{48BB4877-87F9-4D0C-872D-3FC3481ADB29}.Release|Any CPU.ActiveCfg = Release|Any CPU
		{48BB4877-87F9-4D0C-872D-3FC3481ADB29}.Release|Any CPU.Build.0 = Release|Any CPU
		{EAC99F6C-0F52-40E9-9B96-18771EFA5435}.Debug|Any CPU.ActiveCfg = Debug|Any CPU
		{EAC99F6C-0F52-40E9-9B96-18771EFA5435}.Debug|Any CPU.Build.0 = Debug|Any CPU
		{EAC99F6C-0F52-40E9-9B96-18771EFA5435}.Release|Any CPU.ActiveCfg = Release|Any CPU
		{EAC99F6C-0F52-40E9-9B96-18771EFA5435}.Release|Any CPU.Build.0 = Release|Any CPU
		{63F5603F-521D-439D-BCB7-21BA13A42162}.Debug|Any CPU.ActiveCfg = Debug|Any CPU
		{63F5603F-521D-439D-BCB7-21BA13A42162}.Debug|Any CPU.Build.0 = Debug|Any CPU
		{63F5603F-521D-439D-BCB7-21BA13A42162}.Release|Any CPU.ActiveCfg = Release|Any CPU
		{63F5603F-521D-439D-BCB7-21BA13A42162}.Release|Any CPU.Build.0 = Release|Any CPU
		{F44DA47D-B03D-4A9B-BD6D-08F7A63F9D5F}.Debug|Any CPU.ActiveCfg = Debug|Any CPU
		{F44DA47D-B03D-4A9B-BD6D-08F7A63F9D5F}.Debug|Any CPU.Build.0 = Debug|Any CPU
		{F44DA47D-B03D-4A9B-BD6D-08F7A63F9D5F}.Release|Any CPU.ActiveCfg = Release|Any CPU
		{F44DA47D-B03D-4A9B-BD6D-08F7A63F9D5F}.Release|Any CPU.Build.0 = Release|Any CPU
		{5605AF24-5AEE-4B97-9A5F-3C41ED394FFD}.Debug|Any CPU.ActiveCfg = Debug|Any CPU
		{5605AF24-5AEE-4B97-9A5F-3C41ED394FFD}.Debug|Any CPU.Build.0 = Debug|Any CPU
		{5605AF24-5AEE-4B97-9A5F-3C41ED394FFD}.Release|Any CPU.ActiveCfg = Release|Any CPU
		{5605AF24-5AEE-4B97-9A5F-3C41ED394FFD}.Release|Any CPU.Build.0 = Release|Any CPU
		{894CA999-82B3-4E40-9A8A-9B61546CDD22}.Debug|Any CPU.ActiveCfg = Debug|Any CPU
		{894CA999-82B3-4E40-9A8A-9B61546CDD22}.Debug|Any CPU.Build.0 = Debug|Any CPU
		{894CA999-82B3-4E40-9A8A-9B61546CDD22}.Release|Any CPU.ActiveCfg = Release|Any CPU
		{894CA999-82B3-4E40-9A8A-9B61546CDD22}.Release|Any CPU.Build.0 = Release|Any CPU
		{A0119522-9A04-423D-BD75-3A8D101DE182}.Debug|Any CPU.ActiveCfg = Debug|Any CPU
		{A0119522-9A04-423D-BD75-3A8D101DE182}.Debug|Any CPU.Build.0 = Debug|Any CPU
		{A0119522-9A04-423D-BD75-3A8D101DE182}.Release|Any CPU.ActiveCfg = Release|Any CPU
		{A0119522-9A04-423D-BD75-3A8D101DE182}.Release|Any CPU.Build.0 = Release|Any CPU
	EndGlobalSection
	GlobalSection(SolutionProperties) = preSolution
		HideSolutionNode = FALSE
	EndGlobalSection
	GlobalSection(NestedProjects) = preSolution
		{91419571-B565-44B6-96E6-1520F9DB37F6} = {3425A297-4222-481C-A158-63DFCF057F88}
		{1EA0BFDC-07FF-4468-A1B0-A51AB3B85E3D} = {F991033F-5A10-4468-8C6E-79B72E652698}
		{83BEF122-B063-4DBA-A30A-40004CA77AF2} = {3397A759-0F42-459E-9094-5F4210D2E8D3}
		{FE5C3001-4A63-42B0-A53E-4F028C2FCF7A} = {3879E3D2-A55A-49DA-9BB7-9B92E1FCD271}
		{C5E766F0-3A28-4F0D-B1E1-D8E31EB0BF13} = {4ECA8F86-259F-45CC-B449-30287010D368}
		{490CDBAB-818B-4838-BD0C-00193EF46DFC} = {89716718-8408-40CA-A185-80987D5A06DF}
		{3265B127-B0B5-4F19-92AB-66F0454310FE} = {F161E668-D611-4F38-A761-68C42F2055A9}
		{F161E668-D611-4F38-A761-68C42F2055A9} = {8255CC38-E611-4C99-AA6C-CDE36081B8FF}
		{6FA4228E-0AB9-486E-A019-ACD21DA69EDA} = {8255CC38-E611-4C99-AA6C-CDE36081B8FF}
		{F991033F-5A10-4468-8C6E-79B72E652698} = {8255CC38-E611-4C99-AA6C-CDE36081B8FF}
		{3397A759-0F42-459E-9094-5F4210D2E8D3} = {8255CC38-E611-4C99-AA6C-CDE36081B8FF}
		{3879E3D2-A55A-49DA-9BB7-9B92E1FCD271} = {8255CC38-E611-4C99-AA6C-CDE36081B8FF}
		{4ECA8F86-259F-45CC-B449-30287010D368} = {8255CC38-E611-4C99-AA6C-CDE36081B8FF}
		{89716718-8408-40CA-A185-80987D5A06DF} = {8255CC38-E611-4C99-AA6C-CDE36081B8FF}
		{3425A297-4222-481C-A158-63DFCF057F88} = {8255CC38-E611-4C99-AA6C-CDE36081B8FF}
		{29A925DD-11E5-433E-BA1B-71588BE6CF17} = {6FA4228E-0AB9-486E-A019-ACD21DA69EDA}
		{41E1637F-6D9F-4A87-B35A-FAFCCA52F8F2} = {8255CC38-E611-4C99-AA6C-CDE36081B8FF}
		{CF8AB50E-A0DD-4B3D-BD04-F8BD3B0CE2E8} = {41E1637F-6D9F-4A87-B35A-FAFCCA52F8F2}
		{CAB63958-3CD2-43FC-9A57-08FBFD6C984E} = {41E1637F-6D9F-4A87-B35A-FAFCCA52F8F2}
		{E816490B-6DF9-41E5-A59C-BD8AE528DCC7} = {8255CC38-E611-4C99-AA6C-CDE36081B8FF}
		{818BFD73-E7DD-4CDF-8E57-00566BE77DA7} = {E816490B-6DF9-41E5-A59C-BD8AE528DCC7}
		{393D69AD-2FF3-4F72-BBDD-9A345BEE372C} = {8255CC38-E611-4C99-AA6C-CDE36081B8FF}
		{ACEC6000-48DE-4C4E-AE8E-83C7819B69A2} = {393D69AD-2FF3-4F72-BBDD-9A345BEE372C}
		{CD949DD2-87E4-4BB9-AEAA-5F5E2930B2EA} = {8255CC38-E611-4C99-AA6C-CDE36081B8FF}
		{0791441F-5795-4C70-B1AF-44375EA92B22} = {CD949DD2-87E4-4BB9-AEAA-5F5E2930B2EA}
		{5C4C1C94-636F-4A11-ADA0-A2D96CEFCF19} = {E816490B-6DF9-41E5-A59C-BD8AE528DCC7}
		{4AD5FAAD-51AD-4BDE-BA91-76AA2AE6FBE1} = {8255CC38-E611-4C99-AA6C-CDE36081B8FF}
		{0AA64586-A530-4BA5-8F78-902CD601E887} = {4AD5FAAD-51AD-4BDE-BA91-76AA2AE6FBE1}
		{9ED31A22-22D9-422C-8D2A-9A3BDC1648A8} = {8255CC38-E611-4C99-AA6C-CDE36081B8FF}
		{AA7FFFF0-D3D4-467E-8B42-6638FFFF95E9} = {9ED31A22-22D9-422C-8D2A-9A3BDC1648A8}
		{CA177C57-E820-491E-A874-33EF5207EAB4} = {8255CC38-E611-4C99-AA6C-CDE36081B8FF}
		{9D8CE07E-52D8-4F90-96E5-DE1E5AA7B79B} = {8255CC38-E611-4C99-AA6C-CDE36081B8FF}
		{D4AB1185-F33A-4E6B-A12E-64016B8CFE31} = {9D8CE07E-52D8-4F90-96E5-DE1E5AA7B79B}
		{F4E12ACC-FF15-4828-BC1E-55E913046ED9} = {8255CC38-E611-4C99-AA6C-CDE36081B8FF}
		{CF89E0B9-6D26-402E-8FD9-DF554380DAC3} = {F4E12ACC-FF15-4828-BC1E-55E913046ED9}
		{CFD0BC63-CA67-46AF-AF45-BA10A75DBDC4} = {8255CC38-E611-4C99-AA6C-CDE36081B8FF}
		{EA8928CE-EA5D-4E9F-85D0-697A063753E6} = {CFD0BC63-CA67-46AF-AF45-BA10A75DBDC4}
		{89E0D34F-436E-4146-8EAA-A7C546463203} = {8255CC38-E611-4C99-AA6C-CDE36081B8FF}
		{3D2E19EC-D0E1-4CF2-9ED8-D193F9E970DC} = {89E0D34F-436E-4146-8EAA-A7C546463203}
		{192B7F84-2929-45FD-9093-EA163285677D} = {8255CC38-E611-4C99-AA6C-CDE36081B8FF}
		{C8F31B79-16A8-4A08-9AB4-DDFE0974D9F9} = {1BD81BA2-CB30-407E-9869-633F8FF55C36}
		{1BD81BA2-CB30-407E-9869-633F8FF55C36} = {256D6199-9DFE-48B6-9444-1499FED396B0}
		{53DB185F-29C2-4C58-BA75-B662F2AA8D60} = {1BD81BA2-CB30-407E-9869-633F8FF55C36}
		{9BF978A2-24D2-40BC-BCCC-F29E729CFF95} = {256D6199-9DFE-48B6-9444-1499FED396B0}
		{4896F67C-82C4-47C4-94B0-E976EDBFB736} = {9BF978A2-24D2-40BC-BCCC-F29E729CFF95}
		{D473CD7E-55C9-42BA-AD9B-E2C2E5B7801E} = {9BF978A2-24D2-40BC-BCCC-F29E729CFF95}
		{D7838858-47E8-4A5B-8A83-415A9B96EDA3} = {D473CD7E-55C9-42BA-AD9B-E2C2E5B7801E}
		{A3C587DB-9B87-45D6-8CC8-C14E73D9E6E9} = {256D6199-9DFE-48B6-9444-1499FED396B0}
		{0317372A-B4E9-4A2D-8D12-B9E11209BFE4} = {A3C587DB-9B87-45D6-8CC8-C14E73D9E6E9}
		{6298540D-DB4D-4FB0-92B4-63B029230FDC} = {A3C587DB-9B87-45D6-8CC8-C14E73D9E6E9}
		{AC076E76-7296-4682-9D08-9F7FFE4CCC90} = {256D6199-9DFE-48B6-9444-1499FED396B0}
		{29CBE337-C1DA-4F92-9BE2-7A42CA1A38EF} = {AC076E76-7296-4682-9D08-9F7FFE4CCC90}
		{70F76A58-6311-44AC-ADEF-443B572FE773} = {29CBE337-C1DA-4F92-9BE2-7A42CA1A38EF}
		{D3B5416C-EC49-41B9-81AF-58A0E349D318} = {AC076E76-7296-4682-9D08-9F7FFE4CCC90}
		{9B9BBAAF-DF9D-4178-845F-8BBB3F5F801F} = {D3B5416C-EC49-41B9-81AF-58A0E349D318}
		{75A46C3E-B918-4554-88FB-F7429271A721} = {AC076E76-7296-4682-9D08-9F7FFE4CCC90}
		{B4217E95-41FF-418A-9B4A-C0B2AF2C12C8} = {75A46C3E-B918-4554-88FB-F7429271A721}
		{0626F051-56E5-4A41-87A0-FF7419E5EBB7} = {256D6199-9DFE-48B6-9444-1499FED396B0}
		{6088E872-3F85-493A-9EA7-D87A04E7EEC4} = {0626F051-56E5-4A41-87A0-FF7419E5EBB7}
		{FF7A6E26-B764-4A57-A9E9-46499D7CE4E9} = {0626F051-56E5-4A41-87A0-FF7419E5EBB7}
		{67A2DFAE-4CC2-44BE-85DD-92FBD3208371} = {FF7A6E26-B764-4A57-A9E9-46499D7CE4E9}
		{77F102AB-06E8-44A7-BC59-11E5FA3D53D3} = {256D6199-9DFE-48B6-9444-1499FED396B0}
		{30B3F1E5-DAEA-4232-928B-0C121E97DA53} = {3BAF56CB-F83B-46D2-A179-0742AEE7F170}
		{3BAF56CB-F83B-46D2-A179-0742AEE7F170} = {77F102AB-06E8-44A7-BC59-11E5FA3D53D3}
		{B3E09F79-DE31-497A-B470-B7562D14053E} = {256D6199-9DFE-48B6-9444-1499FED396B0}
		{3C533689-19C1-4A46-8AE2-6AEE4030C844} = {B3E09F79-DE31-497A-B470-B7562D14053E}
		{A7377B7D-3BDD-43D1-90AE-29DD2DA24A32} = {B3E09F79-DE31-497A-B470-B7562D14053E}
		{244FAE21-01B1-4D64-A6D1-70163F42DD73} = {6385EB1E-D13B-4DF2-A054-E72EF22A5349}
		{6385EB1E-D13B-4DF2-A054-E72EF22A5349} = {B3E09F79-DE31-497A-B470-B7562D14053E}
		{60CB4A55-0B68-4529-AE47-3360530106B3} = {6385EB1E-D13B-4DF2-A054-E72EF22A5349}
		{62942960-ACD7-43FD-A303-70BF7A12FC16} = {6385EB1E-D13B-4DF2-A054-E72EF22A5349}
		{4E47D6C1-C159-46F6-8047-651D0ABEEB22} = {256D6199-9DFE-48B6-9444-1499FED396B0}
		{70F2D16B-B466-404E-A441-E36BEEC16D3B} = {4E47D6C1-C159-46F6-8047-651D0ABEEB22}
		{48BB4877-87F9-4D0C-872D-3FC3481ADB29} = {4E47D6C1-C159-46F6-8047-651D0ABEEB22}
		{1ABA39D1-D20F-49C6-97DF-85C755FBC1D8} = {256D6199-9DFE-48B6-9444-1499FED396B0}
		{EAC99F6C-0F52-40E9-9B96-18771EFA5435} = {1ABA39D1-D20F-49C6-97DF-85C755FBC1D8}
		{13258F4D-6941-443E-BD82-8B0C017F9FCF} = {256D6199-9DFE-48B6-9444-1499FED396B0}
		{63F5603F-521D-439D-BCB7-21BA13A42162} = {13258F4D-6941-443E-BD82-8B0C017F9FCF}
		{F44DA47D-B03D-4A9B-BD6D-08F7A63F9D5F} = {13258F4D-6941-443E-BD82-8B0C017F9FCF}
		{FFB93A61-71FF-43A7-BC71-B23CBA91700A} = {13258F4D-6941-443E-BD82-8B0C017F9FCF}
		{5605AF24-5AEE-4B97-9A5F-3C41ED394FFD} = {FFB93A61-71FF-43A7-BC71-B23CBA91700A}
		{8DCE3FDA-313A-4212-BCF1-00354F05B028} = {256D6199-9DFE-48B6-9444-1499FED396B0}
		{894CA999-82B3-4E40-9A8A-9B61546CDD22} = {8DCE3FDA-313A-4212-BCF1-00354F05B028}
		{A0119522-9A04-423D-BD75-3A8D101DE182} = {8DCE3FDA-313A-4212-BCF1-00354F05B028}
	EndGlobalSection
	GlobalSection(ExtensibilityGlobals) = postSolution
		SolutionGuid = {FB7A609C-DB28-41DF-BB8B-EA9BA52C3561}
	EndGlobalSection
EndGlobal
